
Microsoft Visual Studio Solution File, Format Version 12.00
# Visual Studio Version 17
VisualStudioVersion = 17.6.33723.286
MinimumVisualStudioVersion = 10.0.40219.1
Project("{FAE04EC0-301F-11D3-BF4B-00C04F79EFBC}") = "URLShortener", "URLShortener\URLShortener.csproj", "{02144D3C-615F-46FC-A644-67E968144165}"
EndProject
Global
	GlobalSection(SolutionConfigurationPlatforms) = preSolution
		Debug|Any CPU = Debug|Any CPU
		Release|Any CPU = Release|Any CPU
	EndGlobalSection
	GlobalSection(ProjectConfigurationPlatforms) = postSolution
		{02144D3C-615F-46FC-A644-67E968144165}.Debug|Any CPU.ActiveCfg = Debug|Any CPU
		{02144D3C-615F-46FC-A644-67E968144165}.Debug|Any CPU.Build.0 = Debug|Any CPU
		{02144D3C-615F-46FC-A644-67E968144165}.Release|Any CPU.ActiveCfg = Release|Any CPU
		{02144D3C-615F-46FC-A644-67E968144165}.Release|Any CPU.Build.0 = Release|Any CPU
	EndGlobalSection
	GlobalSection(SolutionProperties) = preSolution
		HideSolutionNode = FALSE
	EndGlobalSection
	GlobalSection(ExtensibilityGlobals) = postSolution
		SolutionGuid = {BC44B2C6-7ED7-4319-B75D-75A601D3779E}
	EndGlobalSection
EndGlobal
